
Microsoft Visual Studio Solution File, Format Version 12.00
Project("{FAE04EC0-301F-11D3-BF4B-00C04F79EFBC}") = "Itbeard.DiscordBot", "Itbeard.DiscordBot\Itbeard.DiscordBot.csproj", "{9D479641-2965-4C2F-852B-7BD455806DA8}"
EndProject
Global
	GlobalSection(SolutionConfigurationPlatforms) = preSolution
		Debug|Any CPU = Debug|Any CPU
		Release|Any CPU = Release|Any CPU
	EndGlobalSection
	GlobalSection(ProjectConfigurationPlatforms) = postSolution
		{9D479641-2965-4C2F-852B-7BD455806DA8}.Debug|Any CPU.ActiveCfg = Debug|Any CPU
		{9D479641-2965-4C2F-852B-7BD455806DA8}.Debug|Any CPU.Build.0 = Debug|Any CPU
		{9D479641-2965-4C2F-852B-7BD455806DA8}.Release|Any CPU.ActiveCfg = Release|Any CPU
		{9D479641-2965-4C2F-852B-7BD455806DA8}.Release|Any CPU.Build.0 = Release|Any CPU
	EndGlobalSection
EndGlobal
